// !$*UTF8*$!
{
	archiveVersion = 1;
	classes = {
	};
	objectVersion = 55;
	objects = {

/* Begin PBXBuildFile section */
		70087A2327609ABD00E081BB /* searchViewController.swift in Sources */ = {isa = PBXBuildFile; fileRef = 70087A2227609ABD00E081BB /* searchViewController.swift */; };
		70087A282760ADD300E081BB /* BGDetailsViewController.swift in Sources */ = {isa = PBXBuildFile; fileRef = 70087A272760ADD300E081BB /* BGDetailsViewController.swift */; };
		7065EF34276868B200AA82D3 /* FontAwesome.xcframework in Frameworks */ = {isa = PBXBuildFile; fileRef = 7065EF33276868B200AA82D3 /* FontAwesome.xcframework */; };
		7065EF35276868B200AA82D3 /* FontAwesome.xcframework in Embed Frameworks */ = {isa = PBXBuildFile; fileRef = 7065EF33276868B200AA82D3 /* FontAwesome.xcframework */; settings = {ATTRIBUTES = (CodeSignOnCopy, RemoveHeadersOnCopy, ); }; };
		7065EF38276893C800AA82D3 /* myCustomTableViewCell.swift in Sources */ = {isa = PBXBuildFile; fileRef = 7065EF37276893C800AA82D3 /* myCustomTableViewCell.swift */; };
		7065EF3A2768944D00AA82D3 /* myCustomButton.swift in Sources */ = {isa = PBXBuildFile; fileRef = 7065EF392768944D00AA82D3 /* myCustomButton.swift */; };
		7065EF3C2768A28600AA82D3 /* CoreDataService.swift in Sources */ = {isa = PBXBuildFile; fileRef = 7065EF3B2768A28600AA82D3 /* CoreDataService.swift */; };
		7065EF462768A8D500AA82D3 /* myCollectionViewController.swift in Sources */ = {isa = PBXBuildFile; fileRef = 7065EF452768A8D500AA82D3 /* myCollectionViewController.swift */; };
		7065EF482768AAA400AA82D3 /* myCustomCollectionViewCell.swift in Sources */ = {isa = PBXBuildFile; fileRef = 7065EF472768AAA400AA82D3 /* myCustomCollectionViewCell.swift */; };
		7096C67B276074C0003DD31F /* AppDelegate.swift in Sources */ = {isa = PBXBuildFile; fileRef = 7096C67A276074C0003DD31F /* AppDelegate.swift */; };
		7096C67D276074C0003DD31F /* SceneDelegate.swift in Sources */ = {isa = PBXBuildFile; fileRef = 7096C67C276074C0003DD31F /* SceneDelegate.swift */; };
		7096C67F276074C0003DD31F /* ViewController.swift in Sources */ = {isa = PBXBuildFile; fileRef = 7096C67E276074C0003DD31F /* ViewController.swift */; };
		7096C682276074C0003DD31F /* Main.storyboard in Resources */ = {isa = PBXBuildFile; fileRef = 7096C680276074C0003DD31F /* Main.storyboard */; };
		7096C685276074C0003DD31F /* Assignment4_N01459385.xcdatamodeld in Sources */ = {isa = PBXBuildFile; fileRef = 7096C683276074C0003DD31F /* Assignment4_N01459385.xcdatamodeld */; };
		7096C687276074C3003DD31F /* Assets.xcassets in Resources */ = {isa = PBXBuildFile; fileRef = 7096C686276074C3003DD31F /* Assets.xcassets */; };
		7096C68A276074C3003DD31F /* LaunchScreen.storyboard in Resources */ = {isa = PBXBuildFile; fileRef = 7096C688276074C3003DD31F /* LaunchScreen.storyboard */; };
		7096C6942760761A003DD31F /* APIDataModel.swift in Sources */ = {isa = PBXBuildFile; fileRef = 7096C6932760761A003DD31F /* APIDataModel.swift */; };
		7096C69727607A9B003DD31F /* ServiceController.swift in Sources */ = {isa = PBXBuildFile; fileRef = 7096C69627607A9B003DD31F /* ServiceController.swift */; };
		7096C69A276080BE003DD31F /* BGTableViewController.swift in Sources */ = {isa = PBXBuildFile; fileRef = 7096C699276080BE003DD31F /* BGTableViewController.swift */; };
/* End PBXBuildFile section */

/* Begin PBXCopyFilesBuildPhase section */
		7065EF36276868B200AA82D3 /* Embed Frameworks */ = {
			isa = PBXCopyFilesBuildPhase;
			buildActionMask = 2147483647;
			dstPath = "";
			dstSubfolderSpec = 10;
			files = (
				7065EF35276868B200AA82D3 /* FontAwesome.xcframework in Embed Frameworks */,
			);
			name = "Embed Frameworks";
			runOnlyForDeploymentPostprocessing = 0;
		};
/* End PBXCopyFilesBuildPhase section */

/* Begin PBXFileReference section */
		70087A2227609ABD00E081BB /* searchViewController.swift */ = {isa = PBXFileReference; lastKnownFileType = sourcecode.swift; path = searchViewController.swift; sourceTree = "<group>"; };
		70087A272760ADD300E081BB /* BGDetailsViewController.swift */ = {isa = PBXFileReference; lastKnownFileType = sourcecode.swift; path = BGDetailsViewController.swift; sourceTree = "<group>"; };
		7065EF33276868B200AA82D3 /* FontAwesome.xcframework */ = {isa = PBXFileReference; lastKnownFileType = wrapper.xcframework; name = FontAwesome.xcframework; path = Carthage/Build/FontAwesome.xcframework; sourceTree = "<group>"; };
		7065EF37276893C800AA82D3 /* myCustomTableViewCell.swift */ = {isa = PBXFileReference; lastKnownFileType = sourcecode.swift; path = myCustomTableViewCell.swift; sourceTree = "<group>"; };
		7065EF392768944D00AA82D3 /* myCustomButton.swift */ = {isa = PBXFileReference; lastKnownFileType = sourcecode.swift; path = myCustomButton.swift; sourceTree = "<group>"; };
		7065EF3B2768A28600AA82D3 /* CoreDataService.swift */ = {isa = PBXFileReference; lastKnownFileType = sourcecode.swift; path = CoreDataService.swift; sourceTree = "<group>"; };
		7065EF452768A8D500AA82D3 /* myCollectionViewController.swift */ = {isa = PBXFileReference; lastKnownFileType = sourcecode.swift; path = myCollectionViewController.swift; sourceTree = "<group>"; };
		7065EF472768AAA400AA82D3 /* myCustomCollectionViewCell.swift */ = {isa = PBXFileReference; lastKnownFileType = sourcecode.swift; path = myCustomCollectionViewCell.swift; sourceTree = "<group>"; };
		7096C677276074C0003DD31F /* Assignment4-N01459385.app */ = {isa = PBXFileReference; explicitFileType = wrapper.application; includeInIndex = 0; path = "Assignment4-N01459385.app"; sourceTree = BUILT_PRODUCTS_DIR; };
		7096C67A276074C0003DD31F /* AppDelegate.swift */ = {isa = PBXFileReference; lastKnownFileType = sourcecode.swift; path = AppDelegate.swift; sourceTree = "<group>"; };
		7096C67C276074C0003DD31F /* SceneDelegate.swift */ = {isa = PBXFileReference; lastKnownFileType = sourcecode.swift; path = SceneDelegate.swift; sourceTree = "<group>"; };
		7096C67E276074C0003DD31F /* ViewController.swift */ = {isa = PBXFileReference; lastKnownFileType = sourcecode.swift; path = ViewController.swift; sourceTree = "<group>"; };
		7096C681276074C0003DD31F /* Base */ = {isa = PBXFileReference; lastKnownFileType = file.storyboard; name = Base; path = Base.lproj/Main.storyboard; sourceTree = "<group>"; };
		7096C684276074C0003DD31F /* Assignment4_N01459385.xcdatamodel */ = {isa = PBXFileReference; lastKnownFileType = wrapper.xcdatamodel; path = Assignment4_N01459385.xcdatamodel; sourceTree = "<group>"; };
		7096C686276074C3003DD31F /* Assets.xcassets */ = {isa = PBXFileReference; lastKnownFileType = folder.assetcatalog; path = Assets.xcassets; sourceTree = "<group>"; };
		7096C689276074C3003DD31F /* Base */ = {isa = PBXFileReference; lastKnownFileType = file.storyboard; name = Base; path = Base.lproj/LaunchScreen.storyboard; sourceTree = "<group>"; };
		7096C68B276074C3003DD31F /* Info.plist */ = {isa = PBXFileReference; lastKnownFileType = text.plist.xml; path = Info.plist; sourceTree = "<group>"; };
		7096C69127607563003DD31F /* .gitignore */ = {isa = PBXFileReference; lastKnownFileType = text; path = .gitignore; sourceTree = "<group>"; };
		7096C69227607564003DD31F /* README.md */ = {isa = PBXFileReference; lastKnownFileType = net.daringfireball.markdown; path = README.md; sourceTree = "<group>"; };
		7096C6932760761A003DD31F /* APIDataModel.swift */ = {isa = PBXFileReference; lastKnownFileType = sourcecode.swift; path = APIDataModel.swift; sourceTree = "<group>"; };
		7096C69627607A9B003DD31F /* ServiceController.swift */ = {isa = PBXFileReference; lastKnownFileType = sourcecode.swift; path = ServiceController.swift; sourceTree = "<group>"; };
		7096C699276080BE003DD31F /* BGTableViewController.swift */ = {isa = PBXFileReference; lastKnownFileType = sourcecode.swift; path = BGTableViewController.swift; sourceTree = "<group>"; };
/* End PBXFileReference section */

/* Begin PBXFrameworksBuildPhase section */
		7096C674276074C0003DD31F /* Frameworks */ = {
			isa = PBXFrameworksBuildPhase;
			buildActionMask = 2147483647;
			files = (
				7065EF34276868B200AA82D3 /* FontAwesome.xcframework in Frameworks */,
			);
			runOnlyForDeploymentPostprocessing = 0;
		};
/* End PBXFrameworksBuildPhase section */

/* Begin PBXGroup section */
		70087A2427609B6200E081BB /* Views */ = {
			isa = PBXGroup;
			children = (
				7065EF37276893C800AA82D3 /* myCustomTableViewCell.swift */,
				7065EF392768944D00AA82D3 /* myCustomButton.swift */,
				7065EF472768AAA400AA82D3 /* myCustomCollectionViewCell.swift */,
			);
			path = Views;
			sourceTree = "<group>";
		};
		7065EF32276868B200AA82D3 /* Frameworks */ = {
			isa = PBXGroup;
			children = (
				7065EF33276868B200AA82D3 /* FontAwesome.xcframework */,
			);
			name = Frameworks;
			sourceTree = "<group>";
		};
		7096C66E276074C0003DD31F = {
			isa = PBXGroup;
			children = (
				7096C69127607563003DD31F /* .gitignore */,
				7096C69227607564003DD31F /* README.md */,
				7096C679276074C0003DD31F /* Assignment4-N01459385 */,
				7096C678276074C0003DD31F /* Products */,
				7065EF32276868B200AA82D3 /* Frameworks */,
			);
			sourceTree = "<group>";
		};
		7096C678276074C0003DD31F /* Products */ = {
			isa = PBXGroup;
			children = (
				7096C677276074C0003DD31F /* Assignment4-N01459385.app */,
			);
			name = Products;
			sourceTree = "<group>";
		};
		7096C679276074C0003DD31F /* Assignment4-N01459385 */ = {
			isa = PBXGroup;
			children = (
				7096C69527607928003DD31F /* Models */,
				70087A2427609B6200E081BB /* Views */,
				7096C69827607F31003DD31F /* Controllers */,
				7096C67A276074C0003DD31F /* AppDelegate.swift */,
				7096C67C276074C0003DD31F /* SceneDelegate.swift */,
				7096C680276074C0003DD31F /* Main.storyboard */,
				7096C686276074C3003DD31F /* Assets.xcassets */,
				7096C688276074C3003DD31F /* LaunchScreen.storyboard */,
				7096C68B276074C3003DD31F /* Info.plist */,
				7096C683276074C0003DD31F /* Assignment4_N01459385.xcdatamodeld */,
			);
			path = "Assignment4-N01459385";
			sourceTree = "<group>";
		};
		7096C69527607928003DD31F /* Models */ = {
			isa = PBXGroup;
			children = (
				7065EF3B2768A28600AA82D3 /* CoreDataService.swift */,
				7096C6932760761A003DD31F /* APIDataModel.swift */,
				7096C69627607A9B003DD31F /* ServiceController.swift */,
			);
			path = Models;
			sourceTree = "<group>";
		};
		7096C69827607F31003DD31F /* Controllers */ = {
			isa = PBXGroup;
			children = (
				7096C67E276074C0003DD31F /* ViewController.swift */,
				7096C699276080BE003DD31F /* BGTableViewController.swift */,
				70087A2227609ABD00E081BB /* searchViewController.swift */,
				70087A272760ADD300E081BB /* BGDetailsViewController.swift */,
				7065EF452768A8D500AA82D3 /* myCollectionViewController.swift */,
			);
			path = Controllers;
			sourceTree = "<group>";
		};
/* End PBXGroup section */

/* Begin PBXNativeTarget section */
		7096C676276074C0003DD31F /* Assignment4-N01459385 */ = {
			isa = PBXNativeTarget;
			buildConfigurationList = 7096C68E276074C3003DD31F /* Build configuration list for PBXNativeTarget "Assignment4-N01459385" */;
			buildPhases = (
				7096C673276074C0003DD31F /* Sources */,
				7096C674276074C0003DD31F /* Frameworks */,
				7096C675276074C0003DD31F /* Resources */,
				7065EF36276868B200AA82D3 /* Embed Frameworks */,
			);
			buildRules = (
			);
			dependencies = (
			);
			name = "Assignment4-N01459385";
			productName = "Assignment4-N01459385";
			productReference = 7096C677276074C0003DD31F /* Assignment4-N01459385.app */;
			productType = "com.apple.product-type.application";
		};
/* End PBXNativeTarget section */

/* Begin PBXProject section */
		7096C66F276074C0003DD31F /* Project object */ = {
			isa = PBXProject;
			attributes = {
				BuildIndependentTargetsInParallel = 1;
				LastSwiftUpdateCheck = 1310;
				LastUpgradeCheck = 1310;
				TargetAttributes = {
					7096C676276074C0003DD31F = {
						CreatedOnToolsVersion = 13.1;
					};
				};
			};
			buildConfigurationList = 7096C672276074C0003DD31F /* Build configuration list for PBXProject "Assignment4-N01459385" */;
			compatibilityVersion = "Xcode 13.0";
			developmentRegion = en;
			hasScannedForEncodings = 0;
			knownRegions = (
				en,
				Base,
			);
			mainGroup = 7096C66E276074C0003DD31F;
			productRefGroup = 7096C678276074C0003DD31F /* Products */;
			projectDirPath = "";
			projectRoot = "";
			targets = (
				7096C676276074C0003DD31F /* Assignment4-N01459385 */,
			);
		};
/* End PBXProject section */

/* Begin PBXResourcesBuildPhase section */
		7096C675276074C0003DD31F /* Resources */ = {
			isa = PBXResourcesBuildPhase;
			buildActionMask = 2147483647;
			files = (
				7096C68A276074C3003DD31F /* LaunchScreen.storyboard in Resources */,
				7096C687276074C3003DD31F /* Assets.xcassets in Resources */,
				7096C682276074C0003DD31F /* Main.storyboard in Resources */,
			);
			runOnlyForDeploymentPostprocessing = 0;
		};
/* End PBXResourcesBuildPhase section */

/* Begin PBXSourcesBuildPhase section */
		7096C673276074C0003DD31F /* Sources */ = {
			isa = PBXSourcesBuildPhase;
			buildActionMask = 2147483647;
			files = (
				7096C6942760761A003DD31F /* APIDataModel.swift in Sources */,
				7096C67F276074C0003DD31F /* ViewController.swift in Sources */,
				70087A2327609ABD00E081BB /* searchViewController.swift in Sources */,
				7096C69A276080BE003DD31F /* BGTableViewController.swift in Sources */,
				7065EF3C2768A28600AA82D3 /* CoreDataService.swift in Sources */,
				70087A282760ADD300E081BB /* BGDetailsViewController.swift in Sources */,
				7065EF462768A8D500AA82D3 /* myCollectionViewController.swift in Sources */,
				7065EF3A2768944D00AA82D3 /* myCustomButton.swift in Sources */,
				7065EF482768AAA400AA82D3 /* myCustomCollectionViewCell.swift in Sources */,
				7096C67B276074C0003DD31F /* AppDelegate.swift in Sources */,
				7065EF38276893C800AA82D3 /* myCustomTableViewCell.swift in Sources */,
				7096C67D276074C0003DD31F /* SceneDelegate.swift in Sources */,
				7096C685276074C0003DD31F /* Assignment4_N01459385.xcdatamodeld in Sources */,
				7096C69727607A9B003DD31F /* ServiceController.swift in Sources */,
			);
			runOnlyForDeploymentPostprocessing = 0;
		};
/* End PBXSourcesBuildPhase section */

/* Begin PBXVariantGroup section */
		7096C680276074C0003DD31F /* Main.storyboard */ = {
			isa = PBXVariantGroup;
			children = (
				7096C681276074C0003DD31F /* Base */,
			);
			name = Main.storyboard;
			sourceTree = "<group>";
		};
		7096C688276074C3003DD31F /* LaunchScreen.storyboard */ = {
			isa = PBXVariantGroup;
			children = (
				7096C689276074C3003DD31F /* Base */,
			);
			name = LaunchScreen.storyboard;
			sourceTree = "<group>";
		};
/* End PBXVariantGroup section */

/* Begin XCBuildConfiguration section */
		7096C68C276074C3003DD31F /* Debug */ = {
			isa = XCBuildConfiguration;
			buildSettings = {
				ALWAYS_SEARCH_USER_PATHS = NO;
				CLANG_ANALYZER_NONNULL = YES;
				CLANG_ANALYZER_NUMBER_OBJECT_CONVERSION = YES_AGGRESSIVE;
				CLANG_CXX_LANGUAGE_STANDARD = "gnu++17";
				CLANG_CXX_LIBRARY = "libc++";
				CLANG_ENABLE_MODULES = YES;
				CLANG_ENABLE_OBJC_ARC = YES;
				CLANG_ENABLE_OBJC_WEAK = YES;
				CLANG_WARN_BLOCK_CAPTURE_AUTORELEASING = YES;
				CLANG_WARN_BOOL_CONVERSION = YES;
				CLANG_WARN_COMMA = YES;
				CLANG_WARN_CONSTANT_CONVERSION = YES;
				CLANG_WARN_DEPRECATED_OBJC_IMPLEMENTATIONS = YES;
				CLANG_WARN_DIRECT_OBJC_ISA_USAGE = YES_ERROR;
				CLANG_WARN_DOCUMENTATION_COMMENTS = YES;
				CLANG_WARN_EMPTY_BODY = YES;
				CLANG_WARN_ENUM_CONVERSION = YES;
				CLANG_WARN_INFINITE_RECURSION = YES;
				CLANG_WARN_INT_CONVERSION = YES;
				CLANG_WARN_NON_LITERAL_NULL_CONVERSION = YES;
				CLANG_WARN_OBJC_IMPLICIT_RETAIN_SELF = YES;
				CLANG_WARN_OBJC_LITERAL_CONVERSION = YES;
				CLANG_WARN_OBJC_ROOT_CLASS = YES_ERROR;
				CLANG_WARN_QUOTED_INCLUDE_IN_FRAMEWORK_HEADER = YES;
				CLANG_WARN_RANGE_LOOP_ANALYSIS = YES;
				CLANG_WARN_STRICT_PROTOTYPES = YES;
				CLANG_WARN_SUSPICIOUS_MOVE = YES;
				CLANG_WARN_UNGUARDED_AVAILABILITY = YES_AGGRESSIVE;
				CLANG_WARN_UNREACHABLE_CODE = YES;
				CLANG_WARN__DUPLICATE_METHOD_MATCH = YES;
				COPY_PHASE_STRIP = NO;
				DEBUG_INFORMATION_FORMAT = dwarf;
				ENABLE_STRICT_OBJC_MSGSEND = YES;
				ENABLE_TESTABILITY = YES;
				GCC_C_LANGUAGE_STANDARD = gnu11;
				GCC_DYNAMIC_NO_PIC = NO;
				GCC_NO_COMMON_BLOCKS = YES;
				GCC_OPTIMIZATION_LEVEL = 0;
				GCC_PREPROCESSOR_DEFINITIONS = (
					"DEBUG=1",
					"$(inherited)",
				);
				GCC_WARN_64_TO_32_BIT_CONVERSION = YES;
				GCC_WARN_ABOUT_RETURN_TYPE = YES_ERROR;
				GCC_WARN_UNDECLARED_SELECTOR = YES;
				GCC_WARN_UNINITIALIZED_AUTOS = YES_AGGRESSIVE;
				GCC_WARN_UNUSED_FUNCTION = YES;
				GCC_WARN_UNUSED_VARIABLE = YES;
				IPHONEOS_DEPLOYMENT_TARGET = 15.0;
				MTL_ENABLE_DEBUG_INFO = INCLUDE_SOURCE;
				MTL_FAST_MATH = YES;
				ONLY_ACTIVE_ARCH = YES;
				SDKROOT = iphoneos;
				SWIFT_ACTIVE_COMPILATION_CONDITIONS = DEBUG;
				SWIFT_OPTIMIZATION_LEVEL = "-Onone";
			};
			name = Debug;
		};
		7096C68D276074C3003DD31F /* Release */ = {
			isa = XCBuildConfiguration;
			buildSettings = {
				ALWAYS_SEARCH_USER_PATHS = NO;
				CLANG_ANALYZER_NONNULL = YES;
				CLANG_ANALYZER_NUMBER_OBJECT_CONVERSION = YES_AGGRESSIVE;
				CLANG_CXX_LANGUAGE_STANDARD = "gnu++17";
				CLANG_CXX_LIBRARY = "libc++";
				CLANG_ENABLE_MODULES = YES;
				CLANG_ENABLE_OBJC_ARC = YES;
				CLANG_ENABLE_OBJC_WEAK = YES;
				CLANG_WARN_BLOCK_CAPTURE_AUTORELEASING = YES;
				CLANG_WARN_BOOL_CONVERSION = YES;
				CLANG_WARN_COMMA = YES;
				CLANG_WARN_CONSTANT_CONVERSION = YES;
				CLANG_WARN_DEPRECATED_OBJC_IMPLEMENTATIONS = YES;
				CLANG_WARN_DIRECT_OBJC_ISA_USAGE = YES_ERROR;
				CLANG_WARN_DOCUMENTATION_COMMENTS = YES;
				CLANG_WARN_EMPTY_BODY = YES;
				CLANG_WARN_ENUM_CONVERSION = YES;
				CLANG_WARN_INFINITE_RECURSION = YES;
				CLANG_WARN_INT_CONVERSION = YES;
				CLANG_WARN_NON_LITERAL_NULL_CONVERSION = YES;
				CLANG_WARN_OBJC_IMPLICIT_RETAIN_SELF = YES;
				CLANG_WARN_OBJC_LITERAL_CONVERSION = YES;
				CLANG_WARN_OBJC_ROOT_CLASS = YES_ERROR;
				CLANG_WARN_QUOTED_INCLUDE_IN_FRAMEWORK_HEADER = YES;
				CLANG_WARN_RANGE_LOOP_ANALYSIS = YES;
				CLANG_WARN_STRICT_PROTOTYPES = YES;
				CLANG_WARN_SUSPICIOUS_MOVE = YES;
				CLANG_WARN_UNGUARDED_AVAILABILITY = YES_AGGRESSIVE;
				CLANG_WARN_UNREACHABLE_CODE = YES;
				CLANG_WARN__DUPLICATE_METHOD_MATCH = YES;
				COPY_PHASE_STRIP = NO;
				DEBUG_INFORMATION_FORMAT = "dwarf-with-dsym";
				ENABLE_NS_ASSERTIONS = NO;
				ENABLE_STRICT_OBJC_MSGSEND = YES;
				GCC_C_LANGUAGE_STANDARD = gnu11;
				GCC_NO_COMMON_BLOCKS = YES;
				GCC_WARN_64_TO_32_BIT_CONVERSION = YES;
				GCC_WARN_ABOUT_RETURN_TYPE = YES_ERROR;
				GCC_WARN_UNDECLARED_SELECTOR = YES;
				GCC_WARN_UNINITIALIZED_AUTOS = YES_AGGRESSIVE;
				GCC_WARN_UNUSED_FUNCTION = YES;
				GCC_WARN_UNUSED_VARIABLE = YES;
				IPHONEOS_DEPLOYMENT_TARGET = 15.0;
				MTL_ENABLE_DEBUG_INFO = NO;
				MTL_FAST_MATH = YES;
				SDKROOT = iphoneos;
				SWIFT_COMPILATION_MODE = wholemodule;
				SWIFT_OPTIMIZATION_LEVEL = "-O";
				VALIDATE_PRODUCT = YES;
			};
			name = Release;
		};
		7096C68F276074C3003DD31F /* Debug */ = {
			isa = XCBuildConfiguration;
			buildSettings = {
				ASSETCATALOG_COMPILER_APPICON_NAME = AppIcon;
				ASSETCATALOG_COMPILER_GLOBAL_ACCENT_COLOR_NAME = AccentColor;
				CODE_SIGN_STYLE = Automatic;
				CURRENT_PROJECT_VERSION = 1;
				DEVELOPMENT_TEAM = W55N9X4F39;
				GENERATE_INFOPLIST_FILE = YES;
				INFOPLIST_FILE = "Assignment4-N01459385/Info.plist";
				INFOPLIST_KEY_CFBundleDisplayName = "Assignment 04";
				INFOPLIST_KEY_UIApplicationSupportsIndirectInputEvents = YES;
				INFOPLIST_KEY_UILaunchStoryboardName = LaunchScreen;
				INFOPLIST_KEY_UIMainStoryboardFile = Main;
				INFOPLIST_KEY_UISupportedInterfaceOrientations_iPad = "UIInterfaceOrientationPortrait UIInterfaceOrientationPortraitUpsideDown UIInterfaceOrientationLandscapeLeft UIInterfaceOrientationLandscapeRight";
				INFOPLIST_KEY_UISupportedInterfaceOrientations_iPhone = "UIInterfaceOrientationPortrait UIInterfaceOrientationLandscapeLeft UIInterfaceOrientationLandscapeRight";
				LD_RUNPATH_SEARCH_PATHS = (
					"$(inherited)",
					"@executable_path/Frameworks",
				);
				MARKETING_VERSION = 1.0;
				PRODUCT_BUNDLE_IDENTIFIER = "ca.humber.Assignment4-N01459385";
				PRODUCT_NAME = "$(TARGET_NAME)";
				SWIFT_EMIT_LOC_STRINGS = YES;
				SWIFT_VERSION = 5.0;
				TARGETED_DEVICE_FAMILY = "1,2";
			};
			name = Debug;
		};
		7096C690276074C3003DD31F /* Release */ = {
			isa = XCBuildConfiguration;
			buildSettings = {
				ASSETCATALOG_COMPILER_APPICON_NAME = AppIcon;
				ASSETCATALOG_COMPILER_GLOBAL_ACCENT_COLOR_NAME = AccentColor;
				CODE_SIGN_STYLE = Automatic;
				CURRENT_PROJECT_VERSION = 1;
				DEVELOPMENT_TEAM = W55N9X4F39;
				GENERATE_INFOPLIST_FILE = YES;
				INFOPLIST_FILE = "Assignment4-N01459385/Info.plist";
				INFOPLIST_KEY_CFBundleDisplayName = "Assignment 04";
				INFOPLIST_KEY_UIApplicationSupportsIndirectInputEvents = YES;
				INFOPLIST_KEY_UILaunchStoryboardName = LaunchScreen;
				INFOPLIST_KEY_UIMainStoryboardFile = Main;
				INFOPLIST_KEY_UISupportedInterfaceOrientations_iPad = "UIInterfaceOrientationPortrait UIInterfaceOrientationPortraitUpsideDown UIInterfaceOrientationLandscapeLeft UIInterfaceOrientationLandscapeRight";
				INFOPLIST_KEY_UISupportedInterfaceOrientations_iPhone = "UIInterfaceOrientationPortrait UIInterfaceOrientationLandscapeLeft UIInterfaceOrientationLandscapeRight";
				LD_RUNPATH_SEARCH_PATHS = (
					"$(inherited)",
					"@executable_path/Frameworks",
				);
				MARKETING_VERSION = 1.0;
				PRODUCT_BUNDLE_IDENTIFIER = "ca.humber.Assignment4-N01459385";
				PRODUCT_NAME = "$(TARGET_NAME)";
				SWIFT_EMIT_LOC_STRINGS = YES;
				SWIFT_VERSION = 5.0;
				TARGETED_DEVICE_FAMILY = "1,2";
			};
			name = Release;
		};
/* End XCBuildConfiguration section */

/* Begin XCConfigurationList section */
		7096C672276074C0003DD31F /* Build configuration list for PBXProject "Assignment4-N01459385" */ = {
			isa = XCConfigurationList;
			buildConfigurations = (
				7096C68C276074C3003DD31F /* Debug */,
				7096C68D276074C3003DD31F /* Release */,
			);
			defaultConfigurationIsVisible = 0;
			defaultConfigurationName = Release;
		};
		7096C68E276074C3003DD31F /* Build configuration list for PBXNativeTarget "Assignment4-N01459385" */ = {
			isa = XCConfigurationList;
			buildConfigurations = (
				7096C68F276074C3003DD31F /* Debug */,
				7096C690276074C3003DD31F /* Release */,
			);
			defaultConfigurationIsVisible = 0;
			defaultConfigurationName = Release;
		};
/* End XCConfigurationList section */

/* Begin XCVersionGroup section */
		7096C683276074C0003DD31F /* Assignment4_N01459385.xcdatamodeld */ = {
			isa = XCVersionGroup;
			children = (
				7096C684276074C0003DD31F /* Assignment4_N01459385.xcdatamodel */,
			);
			currentVersion = 7096C684276074C0003DD31F /* Assignment4_N01459385.xcdatamodel */;
			path = Assignment4_N01459385.xcdatamodeld;
			sourceTree = "<group>";
			versionGroupType = wrapper.xcdatamodel;
		};
/* End XCVersionGroup section */
	};
	rootObject = 7096C66F276074C0003DD31F /* Project object */;
}
